
Microsoft Visual Studio Solution File, Format Version 12.00
# Visual Studio 2012
Project("{FAE04EC0-301F-11D3-BF4B-00C04F79EFBC}") = "list2.1", "list2.1\list2.1.csproj", "{0F37F36B-07A1-40D8-9ABD-E8E25CFC50C3}"
EndProject
Global
	GlobalSection(SolutionConfigurationPlatforms) = preSolution
		Debug|x86 = Debug|x86
		Release|x86 = Release|x86
	EndGlobalSection
	GlobalSection(ProjectConfigurationPlatforms) = postSolution
		{0F37F36B-07A1-40D8-9ABD-E8E25CFC50C3}.Debug|x86.ActiveCfg = Debug|x86
		{0F37F36B-07A1-40D8-9ABD-E8E25CFC50C3}.Debug|x86.Build.0 = Debug|x86
		{0F37F36B-07A1-40D8-9ABD-E8E25CFC50C3}.Release|x86.ActiveCfg = Release|x86
		{0F37F36B-07A1-40D8-9ABD-E8E25CFC50C3}.Release|x86.Build.0 = Release|x86
	EndGlobalSection
EndGlobal
